
Microsoft Visual Studio Solution File, Format Version 12.00
# Visual Studio Version 17
VisualStudioVersion = 17.7.34018.315
MinimumVisualStudioVersion = 10.0.40219.1
Project("{FAE04EC0-301F-11D3-BF4B-00C04F79EFBC}") = "Tugas-Pertemuan-4", "Tugas-Pertemuan-4\Tugas-Pertemuan-4.csproj", "{8280A33C-580E-467C-91B9-4FB2D073F482}"
EndProject
Global
	GlobalSection(SolutionConfigurationPlatforms) = preSolution
		Debug|Any CPU = Debug|Any CPU
		Release|Any CPU = Release|Any CPU
	EndGlobalSection
	GlobalSection(ProjectConfigurationPlatforms) = postSolution
		{8280A33C-580E-467C-91B9-4FB2D073F482}.Debug|Any CPU.ActiveCfg = Debug|Any CPU
		{8280A33C-580E-467C-91B9-4FB2D073F482}.Debug|Any CPU.Build.0 = Debug|Any CPU
		{8280A33C-580E-467C-91B9-4FB2D073F482}.Release|Any CPU.ActiveCfg = Release|Any CPU
		{8280A33C-580E-467C-91B9-4FB2D073F482}.Release|Any CPU.Build.0 = Release|Any CPU
	EndGlobalSection
	GlobalSection(SolutionProperties) = preSolution
		HideSolutionNode = FALSE
	EndGlobalSection
	GlobalSection(ExtensibilityGlobals) = postSolution
		SolutionGuid = {F0021DC6-320B-45BB-8D89-4EEC19BB1509}
	EndGlobalSection
EndGlobal
